
Microsoft Visual Studio Solution File, Format Version 12.00
# Visual Studio 15
VisualStudioVersion = 15.0.27703.2018
MinimumVisualStudioVersion = 10.0.40219.1
Project("{FAE04EC0-301F-11D3-BF4B-00C04F79EFBC}") = "printerAdder", "printerAdder\printerAdder.csproj", "{1E626057-C5A9-4150-A26C-26AE12B76512}"
EndProject
Global
	GlobalSection(SolutionConfigurationPlatforms) = preSolution
		Debug|Any CPU = Debug|Any CPU
		Release|Any CPU = Release|Any CPU
	EndGlobalSection
	GlobalSection(ProjectConfigurationPlatforms) = postSolution
		{1E626057-C5A9-4150-A26C-26AE12B76512}.Debug|Any CPU.ActiveCfg = Debug|Any CPU
		{1E626057-C5A9-4150-A26C-26AE12B76512}.Debug|Any CPU.Build.0 = Debug|Any CPU
		{1E626057-C5A9-4150-A26C-26AE12B76512}.Release|Any CPU.ActiveCfg = Release|Any CPU
		{1E626057-C5A9-4150-A26C-26AE12B76512}.Release|Any CPU.Build.0 = Release|Any CPU
	EndGlobalSection
	GlobalSection(SolutionProperties) = preSolution
		HideSolutionNode = FALSE
	EndGlobalSection
	GlobalSection(ExtensibilityGlobals) = postSolution
		SolutionGuid = {7E9CC465-D646-40D1-9347-8B4C6FB9126C}
	EndGlobalSection
EndGlobal
